// !$*UTF8*$!
{
	archiveVersion = 1;
	classes = {
	};
	objectVersion = 56;
	objects = {

/* Begin PBXBuildFile section */
		3FF5FDF82ADE8D4B00757363 /* CardGameApp.swift in Sources */ = {isa = PBXBuildFile; fileRef = 3FF5FDF72ADE8D4B00757363 /* CardGameApp.swift */; };
		3FF5FDFA2ADE8D4B00757363 /* ContentView.swift in Sources */ = {isa = PBXBuildFile; fileRef = 3FF5FDF92ADE8D4B00757363 /* ContentView.swift */; };
		3FF5FDFC2ADE8D4B00757363 /* Assets.xcassets in Resources */ = {isa = PBXBuildFile; fileRef = 3FF5FDFB2ADE8D4B00757363 /* Assets.xcassets */; };
		3FF5FDFF2ADE8D4B00757363 /* Preview Assets.xcassets in Resources */ = {isa = PBXBuildFile; fileRef = 3FF5FDFE2ADE8D4B00757363 /* Preview Assets.xcassets */; };
		3FF5FE092ADE8D4C00757363 /* CardGameTests.swift in Sources */ = {isa = PBXBuildFile; fileRef = 3FF5FE082ADE8D4C00757363 /* CardGameTests.swift */; };
		3FF5FE132ADE8D4C00757363 /* CardGameUITests.swift in Sources */ = {isa = PBXBuildFile; fileRef = 3FF5FE122ADE8D4C00757363 /* CardGameUITests.swift */; };
		3FF5FE152ADE8D4C00757363 /* CardGameUITestsLaunchTests.swift in Sources */ = {isa = PBXBuildFile; fileRef = 3FF5FE142ADE8D4C00757363 /* CardGameUITestsLaunchTests.swift */; };
/* End PBXBuildFile section */

/* Begin PBXContainerItemProxy section */
		3FF5FE052ADE8D4C00757363 /* PBXContainerItemProxy */ = {
			isa = PBXContainerItemProxy;
			containerPortal = 3FF5FDEC2ADE8D4B00757363 /* Project object */;
			proxyType = 1;
			remoteGlobalIDString = 3FF5FDF32ADE8D4B00757363;
			remoteInfo = CardGame;
		};
		3FF5FE0F2ADE8D4C00757363 /* PBXContainerItemProxy */ = {
			isa = PBXContainerItemProxy;
			containerPortal = 3FF5FDEC2ADE8D4B00757363 /* Project object */;
			proxyType = 1;
			remoteGlobalIDString = 3FF5FDF32ADE8D4B00757363;
			remoteInfo = CardGame;
		};
/* End PBXContainerItemProxy section */

/* Begin PBXFileReference section */
		3FF5FDF42ADE8D4B00757363 /* CardGame.app */ = {isa = PBXFileReference; explicitFileType = wrapper.application; includeInIndex = 0; path = CardGame.app; sourceTree = BUILT_PRODUCTS_DIR; };
		3FF5FDF72ADE8D4B00757363 /* CardGameApp.swift */ = {isa = PBXFileReference; lastKnownFileType = sourcecode.swift; path = CardGameApp.swift; sourceTree = "<group>"; };
		3FF5FDF92ADE8D4B00757363 /* ContentView.swift */ = {isa = PBXFileReference; lastKnownFileType = sourcecode.swift; path = ContentView.swift; sourceTree = "<group>"; };
		3FF5FDFB2ADE8D4B00757363 /* Assets.xcassets */ = {isa = PBXFileReference; lastKnownFileType = folder.assetcatalog; path = Assets.xcassets; sourceTree = "<group>"; };
		3FF5FDFE2ADE8D4B00757363 /* Preview Assets.xcassets */ = {isa = PBXFileReference; lastKnownFileType = folder.assetcatalog; path = "Preview Assets.xcassets"; sourceTree = "<group>"; };
		3FF5FE042ADE8D4C00757363 /* CardGameTests.xctest */ = {isa = PBXFileReference; explicitFileType = wrapper.cfbundle; includeInIndex = 0; path = CardGameTests.xctest; sourceTree = BUILT_PRODUCTS_DIR; };
		3FF5FE082ADE8D4C00757363 /* CardGameTests.swift */ = {isa = PBXFileReference; lastKnownFileType = sourcecode.swift; path = CardGameTests.swift; sourceTree = "<group>"; };
		3FF5FE0E2ADE8D4C00757363 /* CardGameUITests.xctest */ = {isa = PBXFileReference; explicitFileType = wrapper.cfbundle; includeInIndex = 0; path = CardGameUITests.xctest; sourceTree = BUILT_PRODUCTS_DIR; };
		3FF5FE122ADE8D4C00757363 /* CardGameUITests.swift */ = {isa = PBXFileReference; lastKnownFileType = sourcecode.swift; path = CardGameUITests.swift; sourceTree = "<group>"; };
		3FF5FE142ADE8D4C00757363 /* CardGameUITestsLaunchTests.swift */ = {isa = PBXFileReference; lastKnownFileType = sourcecode.swift; path = CardGameUITestsLaunchTests.swift; sourceTree = "<group>"; };
/* End PBXFileReference section */

/* Begin PBXFrameworksBuildPhase section */
		3FF5FDF12ADE8D4B00757363 /* Frameworks */ = {
			isa = PBXFrameworksBuildPhase;
			buildActionMask = 2147483647;
			files = (
			);
			runOnlyForDeploymentPostprocessing = 0;
		};
		3FF5FE012ADE8D4C00757363 /* Frameworks */ = {
			isa = PBXFrameworksBuildPhase;
			buildActionMask = 2147483647;
			files = (
			);
			runOnlyForDeploymentPostprocessing = 0;
		};
		3FF5FE0B2ADE8D4C00757363 /* Frameworks */ = {
			isa = PBXFrameworksBuildPhase;
			buildActionMask = 2147483647;
			files = (
			);
			runOnlyForDeploymentPostprocessing = 0;
		};
/* End PBXFrameworksBuildPhase section */

/* Begin PBXGroup section */
		3FF5FDEB2ADE8D4B00757363 = {
			isa = PBXGroup;
			children = (
				3FF5FDF62ADE8D4B00757363 /* CardGame */,
				3FF5FE072ADE8D4C00757363 /* CardGameTests */,
				3FF5FE112ADE8D4C00757363 /* CardGameUITests */,
				3FF5FDF52ADE8D4B00757363 /* Products */,
			);
			sourceTree = "<group>";
		};
		3FF5FDF52ADE8D4B00757363 /* Products */ = {
			isa = PBXGroup;
			children = (
				3FF5FDF42ADE8D4B00757363 /* CardGame.app */,
				3FF5FE042ADE8D4C00757363 /* CardGameTests.xctest */,
				3FF5FE0E2ADE8D4C00757363 /* CardGameUITests.xctest */,
			);
			name = Products;
			sourceTree = "<group>";
		};
		3FF5FDF62ADE8D4B00757363 /* CardGame */ = {
			isa = PBXGroup;
			children = (
				3FF5FDF72ADE8D4B00757363 /* CardGameApp.swift */,
				3FF5FDF92ADE8D4B00757363 /* ContentView.swift */,
				3FF5FDFB2ADE8D4B00757363 /* Assets.xcassets */,
				3FF5FDFD2ADE8D4B00757363 /* Preview Content */,
			);
			path = CardGame;
			sourceTree = "<group>";
		};
		3FF5FDFD2ADE8D4B00757363 /* Preview Content */ = {
			isa = PBXGroup;
			children = (
				3FF5FDFE2ADE8D4B00757363 /* Preview Assets.xcassets */,
			);
			path = "Preview Content";
			sourceTree = "<group>";
		};
		3FF5FE072ADE8D4C00757363 /* CardGameTests */ = {
			isa = PBXGroup;
			children = (
				3FF5FE082ADE8D4C00757363 /* CardGameTests.swift */,
			);
			path = CardGameTests;
			sourceTree = "<group>";
		};
		3FF5FE112ADE8D4C00757363 /* CardGameUITests */ = {
			isa = PBXGroup;
			children = (
				3FF5FE122ADE8D4C00757363 /* CardGameUITests.swift */,
				3FF5FE142ADE8D4C00757363 /* CardGameUITestsLaunchTests.swift */,
			);
			path = CardGameUITests;
			sourceTree = "<group>";
		};
/* End PBXGroup section */

/* Begin PBXNativeTarget section */
		3FF5FDF32ADE8D4B00757363 /* CardGame */ = {
			isa = PBXNativeTarget;
			buildConfigurationList = 3FF5FE182ADE8D4C00757363 /* Build configuration list for PBXNativeTarget "CardGame" */;
			buildPhases = (
				3FF5FDF02ADE8D4B00757363 /* Sources */,
				3FF5FDF12ADE8D4B00757363 /* Frameworks */,
				3FF5FDF22ADE8D4B00757363 /* Resources */,
			);
			buildRules = (
			);
			dependencies = (
			);
			name = CardGame;
			productName = CardGame;
			productReference = 3FF5FDF42ADE8D4B00757363 /* CardGame.app */;
			productType = "com.apple.product-type.application";
		};
		3FF5FE032ADE8D4C00757363 /* CardGameTests */ = {
			isa = PBXNativeTarget;
			buildConfigurationList = 3FF5FE1B2ADE8D4C00757363 /* Build configuration list for PBXNativeTarget "CardGameTests" */;
			buildPhases = (
				3FF5FE002ADE8D4C00757363 /* Sources */,
				3FF5FE012ADE8D4C00757363 /* Frameworks */,
				3FF5FE022ADE8D4C00757363 /* Resources */,
			);
			buildRules = (
			);
			dependencies = (
				3FF5FE062ADE8D4C00757363 /* PBXTargetDependency */,
			);
			name = CardGameTests;
			productName = CardGameTests;
			productReference = 3FF5FE042ADE8D4C00757363 /* CardGameTests.xctest */;
			productType = "com.apple.product-type.bundle.unit-test";
		};
		3FF5FE0D2ADE8D4C00757363 /* CardGameUITests */ = {
			isa = PBXNativeTarget;
			buildConfigurationList = 3FF5FE1E2ADE8D4C00757363 /* Build configuration list for PBXNativeTarget "CardGameUITests" */;
			buildPhases = (
				3FF5FE0A2ADE8D4C00757363 /* Sources */,
				3FF5FE0B2ADE8D4C00757363 /* Frameworks */,
				3FF5FE0C2ADE8D4C00757363 /* Resources */,
			);
			buildRules = (
			);
			dependencies = (
				3FF5FE102ADE8D4C00757363 /* PBXTargetDependency */,
			);
			name = CardGameUITests;
			productName = CardGameUITests;
			productReference = 3FF5FE0E2ADE8D4C00757363 /* CardGameUITests.xctest */;
			productType = "com.apple.product-type.bundle.ui-testing";
		};
/* End PBXNativeTarget section */

/* Begin PBXProject section */
		3FF5FDEC2ADE8D4B00757363 /* Project object */ = {
			isa = PBXProject;
			attributes = {
				BuildIndependentTargetsInParallel = 1;
				LastSwiftUpdateCheck = 1500;
				LastUpgradeCheck = 1500;
				TargetAttributes = {
					3FF5FDF32ADE8D4B00757363 = {
						CreatedOnToolsVersion = 15.0;
					};
					3FF5FE032ADE8D4C00757363 = {
						CreatedOnToolsVersion = 15.0;
						TestTargetID = 3FF5FDF32ADE8D4B00757363;
					};
					3FF5FE0D2ADE8D4C00757363 = {
						CreatedOnToolsVersion = 15.0;
						TestTargetID = 3FF5FDF32ADE8D4B00757363;
					};
				};
			};
			buildConfigurationList = 3FF5FDEF2ADE8D4B00757363 /* Build configuration list for PBXProject "CardGame" */;
			compatibilityVersion = "Xcode 14.0";
			developmentRegion = en;
			hasScannedForEncodings = 0;
			knownRegions = (
				en,
				Base,
			);
			mainGroup = 3FF5FDEB2ADE8D4B00757363;
			productRefGroup = 3FF5FDF52ADE8D4B00757363 /* Products */;
			projectDirPath = "";
			projectRoot = "";
			targets = (
				3FF5FDF32ADE8D4B00757363 /* CardGame */,
				3FF5FE032ADE8D4C00757363 /* CardGameTests */,
				3FF5FE0D2ADE8D4C00757363 /* CardGameUITests */,
			);
		};
/* End PBXProject section */

/* Begin PBXResourcesBuildPhase section */
		3FF5FDF22ADE8D4B00757363 /* Resources */ = {
			isa = PBXResourcesBuildPhase;
			buildActionMask = 2147483647;
			files = (
				3FF5FDFF2ADE8D4B00757363 /* Preview Assets.xcassets in Resources */,
				3FF5FDFC2ADE8D4B00757363 /* Assets.xcassets in Resources */,
			);
			runOnlyForDeploymentPostprocessing = 0;
		};
		3FF5FE022ADE8D4C00757363 /* Resources */ = {
			isa = PBXResourcesBuildPhase;
			buildActionMask = 2147483647;
			files = (
			);
			runOnlyForDeploymentPostprocessing = 0;
		};
		3FF5FE0C2ADE8D4C00757363 /* Resources */ = {
			isa = PBXResourcesBuildPhase;
			buildActionMask = 2147483647;
			files = (
			);
			runOnlyForDeploymentPostprocessing = 0;
		};
/* End PBXResourcesBuildPhase section */

/* Begin PBXSourcesBuildPhase section */
		3FF5FDF02ADE8D4B00757363 /* Sources */ = {
			isa = PBXSourcesBuildPhase;
			buildActionMask = 2147483647;
			files = (
				3FF5FDFA2ADE8D4B00757363 /* ContentView.swift in Sources */,
				3FF5FDF82ADE8D4B00757363 /* CardGameApp.swift in Sources */,
			);
			runOnlyForDeploymentPostprocessing = 0;
		};
		3FF5FE002ADE8D4C00757363 /* Sources */ = {
			isa = PBXSourcesBuildPhase;
			buildActionMask = 2147483647;
			files = (
				3FF5FE092ADE8D4C00757363 /* CardGameTests.swift in Sources */,
			);
			runOnlyForDeploymentPostprocessing = 0;
		};
		3FF5FE0A2ADE8D4C00757363 /* Sources */ = {
			isa = PBXSourcesBuildPhase;
			buildActionMask = 2147483647;
			files = (
				3FF5FE152ADE8D4C00757363 /* CardGameUITestsLaunchTests.swift in Sources */,
				3FF5FE132ADE8D4C00757363 /* CardGameUITests.swift in Sources */,
			);
			runOnlyForDeploymentPostprocessing = 0;
		};
/* End PBXSourcesBuildPhase section */

/* Begin PBXTargetDependency section */
		3FF5FE062ADE8D4C00757363 /* PBXTargetDependency */ = {
			isa = PBXTargetDependency;
			target = 3FF5FDF32ADE8D4B00757363 /* CardGame */;
			targetProxy = 3FF5FE052ADE8D4C00757363 /* PBXContainerItemProxy */;
		};
		3FF5FE102ADE8D4C00757363 /* PBXTargetDependency */ = {
			isa = PBXTargetDependency;
			target = 3FF5FDF32ADE8D4B00757363 /* CardGame */;
			targetProxy = 3FF5FE0F2ADE8D4C00757363 /* PBXContainerItemProxy */;
		};
/* End PBXTargetDependency section */

/* Begin XCBuildConfiguration section */
		3FF5FE162ADE8D4C00757363 /* Debug */ = {
			isa = XCBuildConfiguration;
			buildSettings = {
				ALWAYS_SEARCH_USER_PATHS = NO;
				ASSETCATALOG_COMPILER_GENERATE_SWIFT_ASSET_SYMBOL_EXTENSIONS = YES;
				CLANG_ANALYZER_NONNULL = YES;
				CLANG_ANALYZER_NUMBER_OBJECT_CONVERSION = YES_AGGRESSIVE;
				CLANG_CXX_LANGUAGE_STANDARD = "gnu++20";
				CLANG_ENABLE_MODULES = YES;
				CLANG_ENABLE_OBJC_ARC = YES;
				CLANG_ENABLE_OBJC_WEAK = YES;
				CLANG_WARN_BLOCK_CAPTURE_AUTORELEASING = YES;
				CLANG_WARN_BOOL_CONVERSION = YES;
				CLANG_WARN_COMMA = YES;
				CLANG_WARN_CONSTANT_CONVERSION = YES;
				CLANG_WARN_DEPRECATED_OBJC_IMPLEMENTATIONS = YES;
				CLANG_WARN_DIRECT_OBJC_ISA_USAGE = YES_ERROR;
				CLANG_WARN_DOCUMENTATION_COMMENTS = YES;
				CLANG_WARN_EMPTY_BODY = YES;
				CLANG_WARN_ENUM_CONVERSION = YES;
				CLANG_WARN_INFINITE_RECURSION = YES;
				CLANG_WARN_INT_CONVERSION = YES;
				CLANG_WARN_NON_LITERAL_NULL_CONVERSION = YES;
				CLANG_WARN_OBJC_IMPLICIT_RETAIN_SELF = YES;
				CLANG_WARN_OBJC_LITERAL_CONVERSION = YES;
				CLANG_WARN_OBJC_ROOT_CLASS = YES_ERROR;
				CLANG_WARN_QUOTED_INCLUDE_IN_FRAMEWORK_HEADER = YES;
				CLANG_WARN_RANGE_LOOP_ANALYSIS = YES;
				CLANG_WARN_STRICT_PROTOTYPES = YES;
				CLANG_WARN_SUSPICIOUS_MOVE = YES;
				CLANG_WARN_UNGUARDED_AVAILABILITY = YES_AGGRESSIVE;
				CLANG_WARN_UNREACHABLE_CODE = YES;
				CLANG_WARN__DUPLICATE_METHOD_MATCH = YES;
				COPY_PHASE_STRIP = NO;
				DEBUG_INFORMATION_FORMAT = dwarf;
				ENABLE_STRICT_OBJC_MSGSEND = YES;
				ENABLE_TESTABILITY = YES;
				ENABLE_USER_SCRIPT_SANDBOXING = YES;
				GCC_C_LANGUAGE_STANDARD = gnu17;
				GCC_DYNAMIC_NO_PIC = NO;
				GCC_NO_COMMON_BLOCKS = YES;
				GCC_OPTIMIZATION_LEVEL = 0;
				GCC_PREPROCESSOR_DEFINITIONS = (
					"DEBUG=1",
					"$(inherited)",
				);
				GCC_WARN_64_TO_32_BIT_CONVERSION = YES;
				GCC_WARN_ABOUT_RETURN_TYPE = YES_ERROR;
				GCC_WARN_UNDECLARED_SELECTOR = YES;
				GCC_WARN_UNINITIALIZED_AUTOS = YES_AGGRESSIVE;
				GCC_WARN_UNUSED_FUNCTION = YES;
				GCC_WARN_UNUSED_VARIABLE = YES;
				IPHONEOS_DEPLOYMENT_TARGET = 17.0;
				LOCALIZATION_PREFERS_STRING_CATALOGS = YES;
				MTL_ENABLE_DEBUG_INFO = INCLUDE_SOURCE;
				MTL_FAST_MATH = YES;
				ONLY_ACTIVE_ARCH = YES;
				SDKROOT = iphoneos;
				SWIFT_ACTIVE_COMPILATION_CONDITIONS = "DEBUG $(inherited)";
				SWIFT_OPTIMIZATION_LEVEL = "-Onone";
			};
			name = Debug;
		};
		3FF5FE172ADE8D4C00757363 /* Release */ = {
			isa = XCBuildConfiguration;
			buildSettings = {
				ALWAYS_SEARCH_USER_PATHS = NO;
				ASSETCATALOG_COMPILER_GENERATE_SWIFT_ASSET_SYMBOL_EXTENSIONS = YES;
				CLANG_ANALYZER_NONNULL = YES;
				CLANG_ANALYZER_NUMBER_OBJECT_CONVERSION = YES_AGGRESSIVE;
				CLANG_CXX_LANGUAGE_STANDARD = "gnu++20";
				CLANG_ENABLE_MODULES = YES;
				CLANG_ENABLE_OBJC_ARC = YES;
				CLANG_ENABLE_OBJC_WEAK = YES;
				CLANG_WARN_BLOCK_CAPTURE_AUTORELEASING = YES;
				CLANG_WARN_BOOL_CONVERSION = YES;
				CLANG_WARN_COMMA = YES;
				CLANG_WARN_CONSTANT_CONVERSION = YES;
				CLANG_WARN_DEPRECATED_OBJC_IMPLEMENTATIONS = YES;
				CLANG_WARN_DIRECT_OBJC_ISA_USAGE = YES_ERROR;
				CLANG_WARN_DOCUMENTATION_COMMENTS = YES;
				CLANG_WARN_EMPTY_BODY = YES;
				CLANG_WARN_ENUM_CONVERSION = YES;
				CLANG_WARN_INFINITE_RECURSION = YES;
				CLANG_WARN_INT_CONVERSION = YES;
				CLANG_WARN_NON_LITERAL_NULL_CONVERSION = YES;
				CLANG_WARN_OBJC_IMPLICIT_RETAIN_SELF = YES;
				CLANG_WARN_OBJC_LITERAL_CONVERSION = YES;
				CLANG_WARN_OBJC_ROOT_CLASS = YES_ERROR;
				CLANG_WARN_QUOTED_INCLUDE_IN_FRAMEWORK_HEADER = YES;
				CLANG_WARN_RANGE_LOOP_ANALYSIS = YES;
				CLANG_WARN_STRICT_PROTOTYPES = YES;
				CLANG_WARN_SUSPICIOUS_MOVE = YES;
				CLANG_WARN_UNGUARDED_AVAILABILITY = YES_AGGRESSIVE;
				CLANG_WARN_UNREACHABLE_CODE = YES;
				CLANG_WARN__DUPLICATE_METHOD_MATCH = YES;
				COPY_PHASE_STRIP = NO;
				DEBUG_INFORMATION_FORMAT = "dwarf-with-dsym";
				ENABLE_NS_ASSERTIONS = NO;
				ENABLE_STRICT_OBJC_MSGSEND = YES;
				ENABLE_USER_SCRIPT_SANDBOXING = YES;
				GCC_C_LANGUAGE_STANDARD = gnu17;
				GCC_NO_COMMON_BLOCKS = YES;
				GCC_WARN_64_TO_32_BIT_CONVERSION = YES;
				GCC_WARN_ABOUT_RETURN_TYPE = YES_ERROR;
				GCC_WARN_UNDECLARED_SELECTOR = YES;
				GCC_WARN_UNINITIALIZED_AUTOS = YES_AGGRESSIVE;
				GCC_WARN_UNUSED_FUNCTION = YES;
				GCC_WARN_UNUSED_VARIABLE = YES;
				IPHONEOS_DEPLOYMENT_TARGET = 17.0;
				LOCALIZATION_PREFERS_STRING_CATALOGS = YES;
				MTL_ENABLE_DEBUG_INFO = NO;
				MTL_FAST_MATH = YES;
				SDKROOT = iphoneos;
				SWIFT_COMPILATION_MODE = wholemodule;
				VALIDATE_PRODUCT = YES;
			};
			name = Release;
		};
		3FF5FE192ADE8D4C00757363 /* Debug */ = {
			isa = XCBuildConfiguration;
			buildSettings = {
				ASSETCATALOG_COMPILER_APPICON_NAME = AppIcon;
				ASSETCATALOG_COMPILER_GLOBAL_ACCENT_COLOR_NAME = AccentColor;
				CODE_SIGN_STYLE = Automatic;
				CURRENT_PROJECT_VERSION = 1;
				DEVELOPMENT_ASSET_PATHS = "\"CardGame/Preview Content\"";
				ENABLE_PREVIEWS = YES;
				GENERATE_INFOPLIST_FILE = YES;
				INFOPLIST_KEY_UIApplicationSceneManifest_Generation = YES;
				INFOPLIST_KEY_UIApplicationSupportsIndirectInputEvents = YES;
				INFOPLIST_KEY_UILaunchScreen_Generation = YES;
				INFOPLIST_KEY_UISupportedInterfaceOrientations_iPad = "UIInterfaceOrientationPortrait UIInterfaceOrientationPortraitUpsideDown UIInterfaceOrientationLandscapeLeft UIInterfaceOrientationLandscapeRight";
				INFOPLIST_KEY_UISupportedInterfaceOrientations_iPhone = "UIInterfaceOrientationPortrait UIInterfaceOrientationLandscapeLeft UIInterfaceOrientationLandscapeRight";
				LD_RUNPATH_SEARCH_PATHS = (
					"$(inherited)",
					"@executable_path/Frameworks",
				);
				MARKETING_VERSION = 1.0;
				PRODUCT_BUNDLE_IDENTIFIER = student.CardGame;
				PRODUCT_NAME = "$(TARGET_NAME)";
				SWIFT_EMIT_LOC_STRINGS = YES;
				SWIFT_VERSION = 5.0;
				TARGETED_DEVICE_FAMILY = "1,2";
			};
			name = Debug;
		};
		3FF5FE1A2ADE8D4C00757363 /* Release */ = {
			isa = XCBuildConfiguration;
			buildSettings = {
				ASSETCATALOG_COMPILER_APPICON_NAME = AppIcon;
				ASSETCATALOG_COMPILER_GLOBAL_ACCENT_COLOR_NAME = AccentColor;
				CODE_SIGN_STYLE = Automatic;
				CURRENT_PROJECT_VERSION = 1;
				DEVELOPMENT_ASSET_PATHS = "\"CardGame/Preview Content\"";
				ENABLE_PREVIEWS = YES;
				GENERATE_INFOPLIST_FILE = YES;
				INFOPLIST_KEY_UIApplicationSceneManifest_Generation = YES;
				INFOPLIST_KEY_UIApplicationSupportsIndirectInputEvents = YES;
				INFOPLIST_KEY_UILaunchScreen_Generation = YES;
				INFOPLIST_KEY_UISupportedInterfaceOrientations_iPad = "UIInterfaceOrientationPortrait UIInterfaceOrientationPortraitUpsideDown UIInterfaceOrientationLandscapeLeft UIInterfaceOrientationLandscapeRight";
				INFOPLIST_KEY_UISupportedInterfaceOrientations_iPhone = "UIInterfaceOrientationPortrait UIInterfaceOrientationLandscapeLeft UIInterfaceOrientationLandscapeRight";
				LD_RUNPATH_SEARCH_PATHS = (
					"$(inherited)",
					"@executable_path/Frameworks",
				);
				MARKETING_VERSION = 1.0;
				PRODUCT_BUNDLE_IDENTIFIER = student.CardGame;
				PRODUCT_NAME = "$(TARGET_NAME)";
				SWIFT_EMIT_LOC_STRINGS = YES;
				SWIFT_VERSION = 5.0;
				TARGETED_DEVICE_FAMILY = "1,2";
			};
			name = Release;
		};
		3FF5FE1C2ADE8D4C00757363 /* Debug */ = {
			isa = XCBuildConfiguration;
			buildSettings = {
				ALWAYS_EMBED_SWIFT_STANDARD_LIBRARIES = YES;
				BUNDLE_LOADER = "$(TEST_HOST)";
				CODE_SIGN_STYLE = Automatic;
				CURRENT_PROJECT_VERSION = 1;
				GENERATE_INFOPLIST_FILE = YES;
				IPHONEOS_DEPLOYMENT_TARGET = 17.0;
				MARKETING_VERSION = 1.0;
				PRODUCT_BUNDLE_IDENTIFIER = student.CardGameTests;
				PRODUCT_NAME = "$(TARGET_NAME)";
				SWIFT_EMIT_LOC_STRINGS = NO;
				SWIFT_VERSION = 5.0;
				TARGETED_DEVICE_FAMILY = "1,2";
				TEST_HOST = "$(BUILT_PRODUCTS_DIR)/CardGame.app/$(BUNDLE_EXECUTABLE_FOLDER_PATH)/CardGame";
			};
			name = Debug;
		};
		3FF5FE1D2ADE8D4C00757363 /* Release */ = {
			isa = XCBuildConfiguration;
			buildSettings = {
				ALWAYS_EMBED_SWIFT_STANDARD_LIBRARIES = YES;
				BUNDLE_LOADER = "$(TEST_HOST)";
				CODE_SIGN_STYLE = Automatic;
				CURRENT_PROJECT_VERSION = 1;
				GENERATE_INFOPLIST_FILE = YES;
				IPHONEOS_DEPLOYMENT_TARGET = 17.0;
				MARKETING_VERSION = 1.0;
				PRODUCT_BUNDLE_IDENTIFIER = student.CardGameTests;
				PRODUCT_NAME = "$(TARGET_NAME)";
				SWIFT_EMIT_LOC_STRINGS = NO;
				SWIFT_VERSION = 5.0;
				TARGETED_DEVICE_FAMILY = "1,2";
				TEST_HOST = "$(BUILT_PRODUCTS_DIR)/CardGame.app/$(BUNDLE_EXECUTABLE_FOLDER_PATH)/CardGame";
			};
			name = Release;
		};
		3FF5FE1F2ADE8D4C00757363 /* Debug */ = {
			isa = XCBuildConfiguration;
			buildSettings = {
				ALWAYS_EMBED_SWIFT_STANDARD_LIBRARIES = YES;
				CODE_SIGN_STYLE = Automatic;
				CURRENT_PROJECT_VERSION = 1;
				GENERATE_INFOPLIST_FILE = YES;
				MARKETING_VERSION = 1.0;
				PRODUCT_BUNDLE_IDENTIFIER = student.CardGameUITests;
				PRODUCT_NAME = "$(TARGET_NAME)";
				SWIFT_EMIT_LOC_STRINGS = NO;
				SWIFT_VERSION = 5.0;
				TARGETED_DEVICE_FAMILY = "1,2";
				TEST_TARGET_NAME = CardGame;
			};
			name = Debug;
		};
		3FF5FE202ADE8D4C00757363 /* Release */ = {
			isa = XCBuildConfiguration;
			buildSettings = {
				ALWAYS_EMBED_SWIFT_STANDARD_LIBRARIES = YES;
				CODE_SIGN_STYLE = Automatic;
				CURRENT_PROJECT_VERSION = 1;
				GENERATE_INFOPLIST_FILE = YES;
				MARKETING_VERSION = 1.0;
				PRODUCT_BUNDLE_IDENTIFIER = student.CardGameUITests;
				PRODUCT_NAME = "$(TARGET_NAME)";
				SWIFT_EMIT_LOC_STRINGS = NO;
				SWIFT_VERSION = 5.0;
				TARGETED_DEVICE_FAMILY = "1,2";
				TEST_TARGET_NAME = CardGame;
			};
			name = Release;
		};
/* End XCBuildConfiguration section */

/* Begin XCConfigurationList section */
		3FF5FDEF2ADE8D4B00757363 /* Build configuration list for PBXProject "CardGame" */ = {
			isa = XCConfigurationList;
			buildConfigurations = (
				3FF5FE162ADE8D4C00757363 /* Debug */,
				3FF5FE172ADE8D4C00757363 /* Release */,
			);
			defaultConfigurationIsVisible = 0;
			defaultConfigurationName = Release;
		};
		3FF5FE182ADE8D4C00757363 /* Build configuration list for PBXNativeTarget "CardGame" */ = {
			isa = XCConfigurationList;
			buildConfigurations = (
				3FF5FE192ADE8D4C00757363 /* Debug */,
				3FF5FE1A2ADE8D4C00757363 /* Release */,
			);
			defaultConfigurationIsVisible = 0;
			defaultConfigurationName = Release;
		};
		3FF5FE1B2ADE8D4C00757363 /* Build configuration list for PBXNativeTarget "CardGameTests" */ = {
			isa = XCConfigurationList;
			buildConfigurations = (
				3FF5FE1C2ADE8D4C00757363 /* Debug */,
				3FF5FE1D2ADE8D4C00757363 /* Release */,
			);
			defaultConfigurationIsVisible = 0;
			defaultConfigurationName = Release;
		};
		3FF5FE1E2ADE8D4C00757363 /* Build configuration list for PBXNativeTarget "CardGameUITests" */ = {
			isa = XCConfigurationList;
			buildConfigurations = (
				3FF5FE1F2ADE8D4C00757363 /* Debug */,
				3FF5FE202ADE8D4C00757363 /* Release */,
			);
			defaultConfigurationIsVisible = 0;
			defaultConfigurationName = Release;
		};
/* End XCConfigurationList section */
	};
	rootObject = 3FF5FDEC2ADE8D4B00757363 /* Project object */;
}
